// !$*UTF8*$!
{
	archiveVersion = 1;
	classes = {
	};
	objectVersion = 46;
	objects = {

/* Begin PBXBuildFile section */
		1089F9036985185C62A2B424 /* Pods_selfigramUITests.framework in Frameworks */ = {isa = PBXBuildFile; fileRef = 2F9E48E55D2FEA5DE2D4748B /* Pods_selfigramUITests.framework */; };
		50ED9A0157B2EC80EC935674 /* Pods_selfigramTests.framework in Frameworks */ = {isa = PBXBuildFile; fileRef = 84E090963BBFB29B43719DD1 /* Pods_selfigramTests.framework */; };
		8D5092060F4D86EB6683E3AA /* Pods_selfigram.framework in Frameworks */ = {isa = PBXBuildFile; fileRef = 04DBD9DDE5A3BEB54D981A1E /* Pods_selfigram.framework */; };
		94028F311F68560800E97D5A /* Post.swift in Sources */ = {isa = PBXBuildFile; fileRef = 94028F2E1F68560800E97D5A /* Post.swift */; };
		94028F321F68560800E97D5A /* SelfieCell 11-48-20-386.swift in Sources */ = {isa = PBXBuildFile; fileRef = 94028F2F1F68560800E97D5A /* SelfieCell 11-48-20-386.swift */; };
		94028F331F68560800E97D5A /* User.swift in Sources */ = {isa = PBXBuildFile; fileRef = 94028F301F68560800E97D5A /* User.swift */; };
		94028F351F68562F00E97D5A /* Activity.swift in Sources */ = {isa = PBXBuildFile; fileRef = 94028F341F68562F00E97D5A /* Activity.swift */; };
		94028F371F6856C400E97D5A /* FeedViewController.swift in Sources */ = {isa = PBXBuildFile; fileRef = 94028F361F6856C400E97D5A /* FeedViewController.swift */; };
		94028F391F68636300E97D5A /* ProfileViewController.swift in Sources */ = {isa = PBXBuildFile; fileRef = 94028F381F68636300E97D5A /* ProfileViewController.swift */; };
		94028F3B1F68707000E97D5A /* ActivityViewController.swift in Sources */ = {isa = PBXBuildFile; fileRef = 94028F3A1F68707000E97D5A /* ActivityViewController.swift */; };
		94028F3D1F68708E00E97D5A /* ActivityCellTableViewCell.swift in Sources */ = {isa = PBXBuildFile; fileRef = 94028F3C1F68708E00E97D5A /* ActivityCellTableViewCell.swift */; };
		9420A4E81F83C31200BDEEC7 /* FBSDKCoreKit.framework in Frameworks */ = {isa = PBXBuildFile; fileRef = 9420A4E71F83C31200BDEEC7 /* FBSDKCoreKit.framework */; };
		9420A4EC1F83C80800BDEEC7 /* FBSDKLoginKit.framework in Frameworks */ = {isa = PBXBuildFile; fileRef = 9420A4EB1F83C80800BDEEC7 /* FBSDKLoginKit.framework */; };
		9460F09A1F7D99A800C77C11 /* ResetViewController.swift in Sources */ = {isa = PBXBuildFile; fileRef = 9460F0991F7D99A800C77C11 /* ResetViewController.swift */; };
		94DBDB611F745A29006BA411 /* RegisterViewController.swift in Sources */ = {isa = PBXBuildFile; fileRef = 94DBDB601F745A29006BA411 /* RegisterViewController.swift */; };
		94DBDB631F7AF4B3006BA411 /* LoginViewController.swift in Sources */ = {isa = PBXBuildFile; fileRef = 94DBDB621F7AF4B3006BA411 /* LoginViewController.swift */; };
		94E545F61F684FF7007B17AD /* AppDelegate.swift in Sources */ = {isa = PBXBuildFile; fileRef = 94E545F51F684FF7007B17AD /* AppDelegate.swift */; };
		94E545FD1F684FF7007B17AD /* Assets.xcassets in Resources */ = {isa = PBXBuildFile; fileRef = 94E545FC1F684FF7007B17AD /* Assets.xcassets */; };
		94E546001F684FF7007B17AD /* LaunchScreen.storyboard in Resources */ = {isa = PBXBuildFile; fileRef = 94E545FE1F684FF7007B17AD /* LaunchScreen.storyboard */; };
		94E5460B1F684FF8007B17AD /* selfigramTests.swift in Sources */ = {isa = PBXBuildFile; fileRef = 94E5460A1F684FF8007B17AD /* selfigramTests.swift */; };
		94E546161F684FF8007B17AD /* selfigramUITests.swift in Sources */ = {isa = PBXBuildFile; fileRef = 94E546151F684FF8007B17AD /* selfigramUITests.swift */; };
		94E546261F6850E5007B17AD /* Main.storyboard in Resources */ = {isa = PBXBuildFile; fileRef = 94E546251F6850E5007B17AD /* Main.storyboard */; };
/* End PBXBuildFile section */

/* Begin PBXContainerItemProxy section */
		94E546071F684FF8007B17AD /* PBXContainerItemProxy */ = {
			isa = PBXContainerItemProxy;
			containerPortal = 94E545EA1F684FF7007B17AD /* Project object */;
			proxyType = 1;
			remoteGlobalIDString = 94E545F11F684FF7007B17AD;
			remoteInfo = selfigram;
		};
		94E546121F684FF8007B17AD /* PBXContainerItemProxy */ = {
			isa = PBXContainerItemProxy;
			containerPortal = 94E545EA1F684FF7007B17AD /* Project object */;
			proxyType = 1;
			remoteGlobalIDString = 94E545F11F684FF7007B17AD;
			remoteInfo = selfigram;
		};
/* End PBXContainerItemProxy section */

/* Begin PBXFileReference section */
		00E3D03270464A8BD36B501D /* Pods-selfigramTests.debug.xcconfig */ = {isa = PBXFileReference; includeInIndex = 1; lastKnownFileType = text.xcconfig; name = "Pods-selfigramTests.debug.xcconfig"; path = "Pods/Target Support Files/Pods-selfigramTests/Pods-selfigramTests.debug.xcconfig"; sourceTree = "<group>"; };
		04DBD9DDE5A3BEB54D981A1E /* Pods_selfigram.framework */ = {isa = PBXFileReference; explicitFileType = wrapper.framework; includeInIndex = 0; path = Pods_selfigram.framework; sourceTree = BUILT_PRODUCTS_DIR; };
		17AF289AF4FFFBF2DBE62AC9 /* Pods-selfigram.debug.xcconfig */ = {isa = PBXFileReference; includeInIndex = 1; lastKnownFileType = text.xcconfig; name = "Pods-selfigram.debug.xcconfig"; path = "Pods/Target Support Files/Pods-selfigram/Pods-selfigram.debug.xcconfig"; sourceTree = "<group>"; };
		2F9E48E55D2FEA5DE2D4748B /* Pods_selfigramUITests.framework */ = {isa = PBXFileReference; explicitFileType = wrapper.framework; includeInIndex = 0; path = Pods_selfigramUITests.framework; sourceTree = BUILT_PRODUCTS_DIR; };
		31AF3D72644B1FF01A0453AE /* Pods-selfigramUITests.release.xcconfig */ = {isa = PBXFileReference; includeInIndex = 1; lastKnownFileType = text.xcconfig; name = "Pods-selfigramUITests.release.xcconfig"; path = "Pods/Target Support Files/Pods-selfigramUITests/Pods-selfigramUITests.release.xcconfig"; sourceTree = "<group>"; };
		4599D580F8BE354A4B9FE73C /* Pods-selfigramUITests.debug.xcconfig */ = {isa = PBXFileReference; includeInIndex = 1; lastKnownFileType = text.xcconfig; name = "Pods-selfigramUITests.debug.xcconfig"; path = "Pods/Target Support Files/Pods-selfigramUITests/Pods-selfigramUITests.debug.xcconfig"; sourceTree = "<group>"; };
		5A2645EC143E1866D8C81153 /* Pods-selfigramTests.release.xcconfig */ = {isa = PBXFileReference; includeInIndex = 1; lastKnownFileType = text.xcconfig; name = "Pods-selfigramTests.release.xcconfig"; path = "Pods/Target Support Files/Pods-selfigramTests/Pods-selfigramTests.release.xcconfig"; sourceTree = "<group>"; };
		84E090963BBFB29B43719DD1 /* Pods_selfigramTests.framework */ = {isa = PBXFileReference; explicitFileType = wrapper.framework; includeInIndex = 0; path = Pods_selfigramTests.framework; sourceTree = BUILT_PRODUCTS_DIR; };
		94028F2E1F68560800E97D5A /* Post.swift */ = {isa = PBXFileReference; fileEncoding = 4; lastKnownFileType = sourcecode.swift; name = Post.swift; path = "../../w1d2_selfigram/w1d2 selfigram /Post.swift"; sourceTree = "<group>"; };
		94028F2F1F68560800E97D5A /* SelfieCell 11-48-20-386.swift */ = {isa = PBXFileReference; fileEncoding = 4; lastKnownFileType = sourcecode.swift; name = "SelfieCell 11-48-20-386.swift"; path = "../../w1d2_selfigram/w1d2 selfigram /SelfieCell 11-48-20-386.swift"; sourceTree = "<group>"; };
		94028F301F68560800E97D5A /* User.swift */ = {isa = PBXFileReference; fileEncoding = 4; lastKnownFileType = sourcecode.swift; name = User.swift; path = "../../w1d2_selfigram/w1d2 selfigram /User.swift"; sourceTree = "<group>"; };
		94028F341F68562F00E97D5A /* Activity.swift */ = {isa = PBXFileReference; fileEncoding = 4; lastKnownFileType = sourcecode.swift; name = Activity.swift; path = "../../w1d2_selfigram/w1d2 selfigram /Activity.swift"; sourceTree = "<group>"; };
		94028F361F6856C400E97D5A /* FeedViewController.swift */ = {isa = PBXFileReference; fileEncoding = 4; lastKnownFileType = sourcecode.swift; name = FeedViewController.swift; path = "../../w1d2_selfigram/w1d2 selfigram /FeedViewController.swift"; sourceTree = "<group>"; };
		94028F381F68636300E97D5A /* ProfileViewController.swift */ = {isa = PBXFileReference; fileEncoding = 4; lastKnownFileType = sourcecode.swift; name = ProfileViewController.swift; path = "../../W2D1 Selfigram/W2D1 Selfigram/ProfileViewController.swift"; sourceTree = "<group>"; };
		94028F3A1F68707000E97D5A /* ActivityViewController.swift */ = {isa = PBXFileReference; fileEncoding = 4; lastKnownFileType = sourcecode.swift; path = ActivityViewController.swift; sourceTree = "<group>"; };
		94028F3C1F68708E00E97D5A /* ActivityCellTableViewCell.swift */ = {isa = PBXFileReference; fileEncoding = 4; lastKnownFileType = sourcecode.swift; path = ActivityCellTableViewCell.swift; sourceTree = "<group>"; };
		9420A4E71F83C31200BDEEC7 /* FBSDKCoreKit.framework */ = {isa = PBXFileReference; lastKnownFileType = wrapper.framework; path = FBSDKCoreKit.framework; sourceTree = "<group>"; };
		9420A4EB1F83C80800BDEEC7 /* FBSDKLoginKit.framework */ = {isa = PBXFileReference; lastKnownFileType = wrapper.framework; path = FBSDKLoginKit.framework; sourceTree = "<group>"; };
		9460F0991F7D99A800C77C11 /* ResetViewController.swift */ = {isa = PBXFileReference; fileEncoding = 4; lastKnownFileType = sourcecode.swift; path = ResetViewController.swift; sourceTree = "<group>"; };
		9460F0A31F7E027C00C77C11 /* selfigram.entitlements */ = {isa = PBXFileReference; lastKnownFileType = text.plist.entitlements; path = selfigram.entitlements; sourceTree = "<group>"; };
		94DBDB601F745A29006BA411 /* RegisterViewController.swift */ = {isa = PBXFileReference; fileEncoding = 4; lastKnownFileType = sourcecode.swift; path = RegisterViewController.swift; sourceTree = "<group>"; };
		94DBDB621F7AF4B3006BA411 /* LoginViewController.swift */ = {isa = PBXFileReference; fileEncoding = 4; lastKnownFileType = sourcecode.swift; path = LoginViewController.swift; sourceTree = "<group>"; };
		94E545F21F684FF7007B17AD /* selfigram.app */ = {isa = PBXFileReference; explicitFileType = wrapper.application; includeInIndex = 0; path = selfigram.app; sourceTree = BUILT_PRODUCTS_DIR; };
		94E545F51F684FF7007B17AD /* AppDelegate.swift */ = {isa = PBXFileReference; lastKnownFileType = sourcecode.swift; path = AppDelegate.swift; sourceTree = "<group>"; };
		94E545FC1F684FF7007B17AD /* Assets.xcassets */ = {isa = PBXFileReference; lastKnownFileType = folder.assetcatalog; path = Assets.xcassets; sourceTree = "<group>"; };
		94E545FF1F684FF7007B17AD /* Base */ = {isa = PBXFileReference; lastKnownFileType = file.storyboard; name = Base; path = Base.lproj/LaunchScreen.storyboard; sourceTree = "<group>"; };
		94E546011F684FF7007B17AD /* Info.plist */ = {isa = PBXFileReference; lastKnownFileType = text.plist.xml; path = Info.plist; sourceTree = "<group>"; };
		94E546061F684FF8007B17AD /* selfigramTests.xctest */ = {isa = PBXFileReference; explicitFileType = wrapper.cfbundle; includeInIndex = 0; path = selfigramTests.xctest; sourceTree = BUILT_PRODUCTS_DIR; };
		94E5460A1F684FF8007B17AD /* selfigramTests.swift */ = {isa = PBXFileReference; lastKnownFileType = sourcecode.swift; path = selfigramTests.swift; sourceTree = "<group>"; };
		94E5460C1F684FF8007B17AD /* Info.plist */ = {isa = PBXFileReference; lastKnownFileType = text.plist.xml; path = Info.plist; sourceTree = "<group>"; };
		94E546111F684FF8007B17AD /* selfigramUITests.xctest */ = {isa = PBXFileReference; explicitFileType = wrapper.cfbundle; includeInIndex = 0; path = selfigramUITests.xctest; sourceTree = BUILT_PRODUCTS_DIR; };
		94E546151F684FF8007B17AD /* selfigramUITests.swift */ = {isa = PBXFileReference; lastKnownFileType = sourcecode.swift; path = selfigramUITests.swift; sourceTree = "<group>"; };
		94E546171F684FF8007B17AD /* Info.plist */ = {isa = PBXFileReference; lastKnownFileType = text.plist.xml; path = Info.plist; sourceTree = "<group>"; };
		94E546251F6850E5007B17AD /* Main.storyboard */ = {isa = PBXFileReference; fileEncoding = 4; lastKnownFileType = file.storyboard; name = Main.storyboard; path = "../../w1d2_selfigram/w1d2 selfigram /Main.storyboard"; sourceTree = "<group>"; };
		FA8B7CF16F1A41C2B3ECC89B /* Pods-selfigram.release.xcconfig */ = {isa = PBXFileReference; includeInIndex = 1; lastKnownFileType = text.xcconfig; name = "Pods-selfigram.release.xcconfig"; path = "Pods/Target Support Files/Pods-selfigram/Pods-selfigram.release.xcconfig"; sourceTree = "<group>"; };
/* End PBXFileReference section */

/* Begin PBXFrameworksBuildPhase section */
		94E545EF1F684FF7007B17AD /* Frameworks */ = {
			isa = PBXFrameworksBuildPhase;
			buildActionMask = 2147483647;
			files = (
				8D5092060F4D86EB6683E3AA /* Pods_selfigram.framework in Frameworks */,
				9420A4E81F83C31200BDEEC7 /* FBSDKCoreKit.framework in Frameworks */,
				9420A4EC1F83C80800BDEEC7 /* FBSDKLoginKit.framework in Frameworks */,
			);
			runOnlyForDeploymentPostprocessing = 0;
		};
		94E546031F684FF8007B17AD /* Frameworks */ = {
			isa = PBXFrameworksBuildPhase;
			buildActionMask = 2147483647;
			files = (
				50ED9A0157B2EC80EC935674 /* Pods_selfigramTests.framework in Frameworks */,
			);
			runOnlyForDeploymentPostprocessing = 0;
		};
		94E5460E1F684FF8007B17AD /* Frameworks */ = {
			isa = PBXFrameworksBuildPhase;
			buildActionMask = 2147483647;
			files = (
				1089F9036985185C62A2B424 /* Pods_selfigramUITests.framework in Frameworks */,
			);
			runOnlyForDeploymentPostprocessing = 0;
		};
/* End PBXFrameworksBuildPhase section */

/* Begin PBXGroup section */
		44F0ACEB11F121985B583A9C /* Frameworks */ = {
			isa = PBXGroup;
			children = (
				9420A4EB1F83C80800BDEEC7 /* FBSDKLoginKit.framework */,
				9420A4E71F83C31200BDEEC7 /* FBSDKCoreKit.framework */,
				04DBD9DDE5A3BEB54D981A1E /* Pods_selfigram.framework */,
				84E090963BBFB29B43719DD1 /* Pods_selfigramTests.framework */,
				2F9E48E55D2FEA5DE2D4748B /* Pods_selfigramUITests.framework */,
			);
			name = Frameworks;
			sourceTree = "<group>";
		};
		9089A8A44179D1FFEF4BDF07 /* Pods */ = {
			isa = PBXGroup;
			children = (
				17AF289AF4FFFBF2DBE62AC9 /* Pods-selfigram.debug.xcconfig */,
				FA8B7CF16F1A41C2B3ECC89B /* Pods-selfigram.release.xcconfig */,
				00E3D03270464A8BD36B501D /* Pods-selfigramTests.debug.xcconfig */,
				5A2645EC143E1866D8C81153 /* Pods-selfigramTests.release.xcconfig */,
				4599D580F8BE354A4B9FE73C /* Pods-selfigramUITests.debug.xcconfig */,
				31AF3D72644B1FF01A0453AE /* Pods-selfigramUITests.release.xcconfig */,
			);
			name = Pods;
			sourceTree = "<group>";
		};
		94E545E91F684FF7007B17AD = {
			isa = PBXGroup;
			children = (
				94E545F41F684FF7007B17AD /* selfigram */,
				94E546091F684FF8007B17AD /* selfigramTests */,
				94E546141F684FF8007B17AD /* selfigramUITests */,
				94E545F31F684FF7007B17AD /* Products */,
				9089A8A44179D1FFEF4BDF07 /* Pods */,
				44F0ACEB11F121985B583A9C /* Frameworks */,
			);
			sourceTree = "<group>";
		};
		94E545F31F684FF7007B17AD /* Products */ = {
			isa = PBXGroup;
			children = (
				94E545F21F684FF7007B17AD /* selfigram.app */,
				94E546061F684FF8007B17AD /* selfigramTests.xctest */,
				94E546111F684FF8007B17AD /* selfigramUITests.xctest */,
			);
			name = Products;
			sourceTree = "<group>";
		};
		94E545F41F684FF7007B17AD /* selfigram */ = {
			isa = PBXGroup;
			children = (
				9460F0A31F7E027C00C77C11 /* selfigram.entitlements */,
				94028F341F68562F00E97D5A /* Activity.swift */,
				94028F3C1F68708E00E97D5A /* ActivityCellTableViewCell.swift */,
				94028F3A1F68707000E97D5A /* ActivityViewController.swift */,
				94E545F51F684FF7007B17AD /* AppDelegate.swift */,
				94E545FC1F684FF7007B17AD /* Assets.xcassets */,
				94028F361F6856C400E97D5A /* FeedViewController.swift */,
				94E546011F684FF7007B17AD /* Info.plist */,
				94E545FE1F684FF7007B17AD /* LaunchScreen.storyboard */,
				94DBDB621F7AF4B3006BA411 /* LoginViewController.swift */,
				94E546251F6850E5007B17AD /* Main.storyboard */,
				94028F2E1F68560800E97D5A /* Post.swift */,
				94028F381F68636300E97D5A /* ProfileViewController.swift */,
				94DBDB601F745A29006BA411 /* RegisterViewController.swift */,
				9460F0991F7D99A800C77C11 /* ResetViewController.swift */,
				94028F2F1F68560800E97D5A /* SelfieCell 11-48-20-386.swift */,
				94028F301F68560800E97D5A /* User.swift */,
			);
			path = selfigram;
			sourceTree = "<group>";
		};
		94E546091F684FF8007B17AD /* selfigramTests */ = {
			isa = PBXGroup;
			children = (
				94E5460A1F684FF8007B17AD /* selfigramTests.swift */,
				94E5460C1F684FF8007B17AD /* Info.plist */,
			);
			path = selfigramTests;
			sourceTree = "<group>";
		};
		94E546141F684FF8007B17AD /* selfigramUITests */ = {
			isa = PBXGroup;
			children = (
				94E546151F684FF8007B17AD /* selfigramUITests.swift */,
				94E546171F684FF8007B17AD /* Info.plist */,
			);
			path = selfigramUITests;
			sourceTree = "<group>";
		};
/* End PBXGroup section */

/* Begin PBXNativeTarget section */
		94E545F11F684FF7007B17AD /* selfigram */ = {
			isa = PBXNativeTarget;
			buildConfigurationList = 94E5461A1F684FF8007B17AD /* Build configuration list for PBXNativeTarget "selfigram" */;
			buildPhases = (
				C584451F5D1CCF821438F354 /* [CP] Check Pods Manifest.lock */,
				94E545EE1F684FF7007B17AD /* Sources */,
				94E545EF1F684FF7007B17AD /* Frameworks */,
				94E545F01F684FF7007B17AD /* Resources */,
				D1644AE9E8745FD4B2544D2F /* [CP] Embed Pods Frameworks */,
				57795D15CD46C314C605DAC6 /* [CP] Copy Pods Resources */,
			);
			buildRules = (
			);
			dependencies = (
			);
			name = selfigram;
			productName = selfigram;
			productReference = 94E545F21F684FF7007B17AD /* selfigram.app */;
			productType = "com.apple.product-type.application";
		};
		94E546051F684FF8007B17AD /* selfigramTests */ = {
			isa = PBXNativeTarget;
			buildConfigurationList = 94E5461D1F684FF8007B17AD /* Build configuration list for PBXNativeTarget "selfigramTests" */;
			buildPhases = (
				F5703D3DB7C9D7022F9FF395 /* [CP] Check Pods Manifest.lock */,
				94E546021F684FF8007B17AD /* Sources */,
				94E546031F684FF8007B17AD /* Frameworks */,
				94E546041F684FF8007B17AD /* Resources */,
				BAAC6E1EE5C7B244F9B4C660 /* [CP] Embed Pods Frameworks */,
				782827A5333934EF2793AE73 /* [CP] Copy Pods Resources */,
			);
			buildRules = (
			);
			dependencies = (
				94E546081F684FF8007B17AD /* PBXTargetDependency */,
			);
			name = selfigramTests;
			productName = selfigramTests;
			productReference = 94E546061F684FF8007B17AD /* selfigramTests.xctest */;
			productType = "com.apple.product-type.bundle.unit-test";
		};
		94E546101F684FF8007B17AD /* selfigramUITests */ = {
			isa = PBXNativeTarget;
			buildConfigurationList = 94E546201F684FF8007B17AD /* Build configuration list for PBXNativeTarget "selfigramUITests" */;
			buildPhases = (
				CBAB0581A7BBCA200014079B /* [CP] Check Pods Manifest.lock */,
				94E5460D1F684FF8007B17AD /* Sources */,
				94E5460E1F684FF8007B17AD /* Frameworks */,
				94E5460F1F684FF8007B17AD /* Resources */,
				D877D75A28E37A038A926AF8 /* [CP] Embed Pods Frameworks */,
				7704BC4234762FC2CF24EC76 /* [CP] Copy Pods Resources */,
			);
			buildRules = (
			);
			dependencies = (
				94E546131F684FF8007B17AD /* PBXTargetDependency */,
			);
			name = selfigramUITests;
			productName = selfigramUITests;
			productReference = 94E546111F684FF8007B17AD /* selfigramUITests.xctest */;
			productType = "com.apple.product-type.bundle.ui-testing";
		};
/* End PBXNativeTarget section */

/* Begin PBXProject section */
		94E545EA1F684FF7007B17AD /* Project object */ = {
			isa = PBXProject;
			attributes = {
				LastSwiftUpdateCheck = 0830;
				LastUpgradeCheck = 0830;
				ORGANIZATIONNAME = "Sweta panchal";
				TargetAttributes = {
					94E545F11F684FF7007B17AD = {
						CreatedOnToolsVersion = 8.3.3;
						DevelopmentTeam = 3B55UZ3KB4;
						ProvisioningStyle = Automatic;
						SystemCapabilities = {
							com.apple.Keychain = {
								enabled = 0;
							};
						};
					};
					94E546051F684FF8007B17AD = {
						CreatedOnToolsVersion = 8.3.3;
						DevelopmentTeam = 3B55UZ3KB4;
						ProvisioningStyle = Automatic;
						TestTargetID = 94E545F11F684FF7007B17AD;
					};
					94E546101F684FF8007B17AD = {
						CreatedOnToolsVersion = 8.3.3;
						DevelopmentTeam = 3B55UZ3KB4;
						ProvisioningStyle = Automatic;
						TestTargetID = 94E545F11F684FF7007B17AD;
					};
				};
			};
			buildConfigurationList = 94E545ED1F684FF7007B17AD /* Build configuration list for PBXProject "selfigram" */;
			compatibilityVersion = "Xcode 3.2";
			developmentRegion = English;
			hasScannedForEncodings = 0;
			knownRegions = (
				en,
				Base,
			);
			mainGroup = 94E545E91F684FF7007B17AD;
			productRefGroup = 94E545F31F684FF7007B17AD /* Products */;
			projectDirPath = "";
			projectRoot = "";
			targets = (
				94E545F11F684FF7007B17AD /* selfigram */,
				94E546051F684FF8007B17AD /* selfigramTests */,
				94E546101F684FF8007B17AD /* selfigramUITests */,
			);
		};
/* End PBXProject section */

/* Begin PBXResourcesBuildPhase section */
		94E545F01F684FF7007B17AD /* Resources */ = {
			isa = PBXResourcesBuildPhase;
			buildActionMask = 2147483647;
			files = (
				94E546001F684FF7007B17AD /* LaunchScreen.storyboard in Resources */,
				94E545FD1F684FF7007B17AD /* Assets.xcassets in Resources */,
				94E546261F6850E5007B17AD /* Main.storyboard in Resources */,
			);
			runOnlyForDeploymentPostprocessing = 0;
		};
		94E546041F684FF8007B17AD /* Resources */ = {
			isa = PBXResourcesBuildPhase;
			buildActionMask = 2147483647;
			files = (
			);
			runOnlyForDeploymentPostprocessing = 0;
		};
		94E5460F1F684FF8007B17AD /* Resources */ = {
			isa = PBXResourcesBuildPhase;
			buildActionMask = 2147483647;
			files = (
			);
			runOnlyForDeploymentPostprocessing = 0;
		};
/* End PBXResourcesBuildPhase section */

/* Begin PBXShellScriptBuildPhase section */
		57795D15CD46C314C605DAC6 /* [CP] Copy Pods Resources */ = {
			isa = PBXShellScriptBuildPhase;
			buildActionMask = 2147483647;
			files = (
			);
			inputPaths = (
			);
			name = "[CP] Copy Pods Resources";
			outputPaths = (
			);
			runOnlyForDeploymentPostprocessing = 0;
			shellPath = /bin/sh;
			shellScript = "\"${SRCROOT}/Pods/Target Support Files/Pods-selfigram/Pods-selfigram-resources.sh\"\n";
			showEnvVarsInLog = 0;
		};
		7704BC4234762FC2CF24EC76 /* [CP] Copy Pods Resources */ = {
			isa = PBXShellScriptBuildPhase;
			buildActionMask = 2147483647;
			files = (
			);
			inputPaths = (
			);
			name = "[CP] Copy Pods Resources";
			outputPaths = (
			);
			runOnlyForDeploymentPostprocessing = 0;
			shellPath = /bin/sh;
			shellScript = "\"${SRCROOT}/Pods/Target Support Files/Pods-selfigramUITests/Pods-selfigramUITests-resources.sh\"\n";
			showEnvVarsInLog = 0;
		};
		782827A5333934EF2793AE73 /* [CP] Copy Pods Resources */ = {
			isa = PBXShellScriptBuildPhase;
			buildActionMask = 2147483647;
			files = (
			);
			inputPaths = (
			);
			name = "[CP] Copy Pods Resources";
			outputPaths = (
			);
			runOnlyForDeploymentPostprocessing = 0;
			shellPath = /bin/sh;
			shellScript = "\"${SRCROOT}/Pods/Target Support Files/Pods-selfigramTests/Pods-selfigramTests-resources.sh\"\n";
			showEnvVarsInLog = 0;
		};
		BAAC6E1EE5C7B244F9B4C660 /* [CP] Embed Pods Frameworks */ = {
			isa = PBXShellScriptBuildPhase;
			buildActionMask = 2147483647;
			files = (
			);
			inputPaths = (
			);
			name = "[CP] Embed Pods Frameworks";
			outputPaths = (
			);
			runOnlyForDeploymentPostprocessing = 0;
			shellPath = /bin/sh;
			shellScript = "\"${SRCROOT}/Pods/Target Support Files/Pods-selfigramTests/Pods-selfigramTests-frameworks.sh\"\n";
			showEnvVarsInLog = 0;
		};
		C584451F5D1CCF821438F354 /* [CP] Check Pods Manifest.lock */ = {
			isa = PBXShellScriptBuildPhase;
			buildActionMask = 2147483647;
			files = (
			);
			inputPaths = (
				"${PODS_PODFILE_DIR_PATH}/Podfile.lock",
				"${PODS_ROOT}/Manifest.lock",
			);
			name = "[CP] Check Pods Manifest.lock";
			outputPaths = (
				"$(DERIVED_FILE_DIR)/Pods-selfigram-checkManifestLockResult.txt",
			);
			runOnlyForDeploymentPostprocessing = 0;
			shellPath = /bin/sh;
			shellScript = "diff \"${PODS_PODFILE_DIR_PATH}/Podfile.lock\" \"${PODS_ROOT}/Manifest.lock\" > /dev/null\nif [ $? != 0 ] ; then\n    # print error to STDERR\n    echo \"error: The sandbox is not in sync with the Podfile.lock. Run 'pod install' or update your CocoaPods installation.\" >&2\n    exit 1\nfi\n# This output is used by Xcode 'outputs' to avoid re-running this script phase.\necho \"SUCCESS\" > \"${SCRIPT_OUTPUT_FILE_0}\"\n";
			showEnvVarsInLog = 0;
		};
		CBAB0581A7BBCA200014079B /* [CP] Check Pods Manifest.lock */ = {
			isa = PBXShellScriptBuildPhase;
			buildActionMask = 2147483647;
			files = (
			);
			inputPaths = (
				"${PODS_PODFILE_DIR_PATH}/Podfile.lock",
				"${PODS_ROOT}/Manifest.lock",
			);
			name = "[CP] Check Pods Manifest.lock";
			outputPaths = (
				"$(DERIVED_FILE_DIR)/Pods-selfigramUITests-checkManifestLockResult.txt",
			);
			runOnlyForDeploymentPostprocessing = 0;
			shellPath = /bin/sh;
			shellScript = "diff \"${PODS_PODFILE_DIR_PATH}/Podfile.lock\" \"${PODS_ROOT}/Manifest.lock\" > /dev/null\nif [ $? != 0 ] ; then\n    # print error to STDERR\n    echo \"error: The sandbox is not in sync with the Podfile.lock. Run 'pod install' or update your CocoaPods installation.\" >&2\n    exit 1\nfi\n# This output is used by Xcode 'outputs' to avoid re-running this script phase.\necho \"SUCCESS\" > \"${SCRIPT_OUTPUT_FILE_0}\"\n";
			showEnvVarsInLog = 0;
		};
		D1644AE9E8745FD4B2544D2F /* [CP] Embed Pods Frameworks */ = {
			isa = PBXShellScriptBuildPhase;
			buildActionMask = 2147483647;
			files = (
			);
			inputPaths = (
				"${SRCROOT}/Pods/Target Support Files/Pods-selfigram/Pods-selfigram-frameworks.sh",
				"${BUILT_PRODUCTS_DIR}/Bolts/Bolts.framework",
				"${BUILT_PRODUCTS_DIR}/Parse/Parse.framework",
			);
			name = "[CP] Embed Pods Frameworks";
			outputPaths = (
				"${TARGET_BUILD_DIR}/${FRAMEWORKS_FOLDER_PATH}/Bolts.framework",
				"${TARGET_BUILD_DIR}/${FRAMEWORKS_FOLDER_PATH}/Parse.framework",
			);
			runOnlyForDeploymentPostprocessing = 0;
			shellPath = /bin/sh;
			shellScript = "\"${SRCROOT}/Pods/Target Support Files/Pods-selfigram/Pods-selfigram-frameworks.sh\"\n";
			showEnvVarsInLog = 0;
		};
		D877D75A28E37A038A926AF8 /* [CP] Embed Pods Frameworks */ = {
			isa = PBXShellScriptBuildPhase;
			buildActionMask = 2147483647;
			files = (
			);
			inputPaths = (
			);
			name = "[CP] Embed Pods Frameworks";
			outputPaths = (
			);
			runOnlyForDeploymentPostprocessing = 0;
			shellPath = /bin/sh;
			shellScript = "\"${SRCROOT}/Pods/Target Support Files/Pods-selfigramUITests/Pods-selfigramUITests-frameworks.sh\"\n";
			showEnvVarsInLog = 0;
		};
		F5703D3DB7C9D7022F9FF395 /* [CP] Check Pods Manifest.lock */ = {
			isa = PBXShellScriptBuildPhase;
			buildActionMask = 2147483647;
			files = (
			);
			inputPaths = (
				"${PODS_PODFILE_DIR_PATH}/Podfile.lock",
				"${PODS_ROOT}/Manifest.lock",
			);
			name = "[CP] Check Pods Manifest.lock";
			outputPaths = (
				"$(DERIVED_FILE_DIR)/Pods-selfigramTests-checkManifestLockResult.txt",
			);
			runOnlyForDeploymentPostprocessing = 0;
			shellPath = /bin/sh;
			shellScript = "diff \"${PODS_PODFILE_DIR_PATH}/Podfile.lock\" \"${PODS_ROOT}/Manifest.lock\" > /dev/null\nif [ $? != 0 ] ; then\n    # print error to STDERR\n    echo \"error: The sandbox is not in sync with the Podfile.lock. Run 'pod install' or update your CocoaPods installation.\" >&2\n    exit 1\nfi\n# This output is used by Xcode 'outputs' to avoid re-running this script phase.\necho \"SUCCESS\" > \"${SCRIPT_OUTPUT_FILE_0}\"\n";
			showEnvVarsInLog = 0;
		};
/* End PBXShellScriptBuildPhase section */

/* Begin PBXSourcesBuildPhase section */
		94E545EE1F684FF7007B17AD /* Sources */ = {
			isa = PBXSourcesBuildPhase;
			buildActionMask = 2147483647;
			files = (
				94028F351F68562F00E97D5A /* Activity.swift in Sources */,
				94DBDB611F745A29006BA411 /* RegisterViewController.swift in Sources */,
				94028F331F68560800E97D5A /* User.swift in Sources */,
				94028F321F68560800E97D5A /* SelfieCell 11-48-20-386.swift in Sources */,
				94028F3B1F68707000E97D5A /* ActivityViewController.swift in Sources */,
				94E545F61F684FF7007B17AD /* AppDelegate.swift in Sources */,
				94028F391F68636300E97D5A /* ProfileViewController.swift in Sources */,
				94028F3D1F68708E00E97D5A /* ActivityCellTableViewCell.swift in Sources */,
				94028F371F6856C400E97D5A /* FeedViewController.swift in Sources */,
				94028F311F68560800E97D5A /* Post.swift in Sources */,
				9460F09A1F7D99A800C77C11 /* ResetViewController.swift in Sources */,
				94DBDB631F7AF4B3006BA411 /* LoginViewController.swift in Sources */,
			);
			runOnlyForDeploymentPostprocessing = 0;
		};
		94E546021F684FF8007B17AD /* Sources */ = {
			isa = PBXSourcesBuildPhase;
			buildActionMask = 2147483647;
			files = (
				94E5460B1F684FF8007B17AD /* selfigramTests.swift in Sources */,
			);
			runOnlyForDeploymentPostprocessing = 0;
		};
		94E5460D1F684FF8007B17AD /* Sources */ = {
			isa = PBXSourcesBuildPhase;
			buildActionMask = 2147483647;
			files = (
				94E546161F684FF8007B17AD /* selfigramUITests.swift in Sources */,
			);
			runOnlyForDeploymentPostprocessing = 0;
		};
/* End PBXSourcesBuildPhase section */

/* Begin PBXTargetDependency section */
		94E546081F684FF8007B17AD /* PBXTargetDependency */ = {
			isa = PBXTargetDependency;
			target = 94E545F11F684FF7007B17AD /* selfigram */;
			targetProxy = 94E546071F684FF8007B17AD /* PBXContainerItemProxy */;
		};
		94E546131F684FF8007B17AD /* PBXTargetDependency */ = {
			isa = PBXTargetDependency;
			target = 94E545F11F684FF7007B17AD /* selfigram */;
			targetProxy = 94E546121F684FF8007B17AD /* PBXContainerItemProxy */;
		};
/* End PBXTargetDependency section */

/* Begin PBXVariantGroup section */
		94E545FE1F684FF7007B17AD /* LaunchScreen.storyboard */ = {
			isa = PBXVariantGroup;
			children = (
				94E545FF1F684FF7007B17AD /* Base */,
			);
			name = LaunchScreen.storyboard;
			sourceTree = "<group>";
		};
/* End PBXVariantGroup section */

/* Begin XCBuildConfiguration section */
		94E546181F684FF8007B17AD /* Debug */ = {
			isa = XCBuildConfiguration;
			buildSettings = {
				ALWAYS_SEARCH_USER_PATHS = NO;
				CLANG_ANALYZER_NONNULL = YES;
				CLANG_ANALYZER_NUMBER_OBJECT_CONVERSION = YES_AGGRESSIVE;
				CLANG_CXX_LANGUAGE_STANDARD = "gnu++0x";
				CLANG_CXX_LIBRARY = "libc++";
				CLANG_ENABLE_MODULES = YES;
				CLANG_ENABLE_OBJC_ARC = YES;
				CLANG_WARN_BOOL_CONVERSION = YES;
				CLANG_WARN_CONSTANT_CONVERSION = YES;
				CLANG_WARN_DIRECT_OBJC_ISA_USAGE = YES_ERROR;
				CLANG_WARN_DOCUMENTATION_COMMENTS = YES;
				CLANG_WARN_EMPTY_BODY = YES;
				CLANG_WARN_ENUM_CONVERSION = YES;
				CLANG_WARN_INFINITE_RECURSION = YES;
				CLANG_WARN_INT_CONVERSION = YES;
				CLANG_WARN_OBJC_ROOT_CLASS = YES_ERROR;
				CLANG_WARN_SUSPICIOUS_MOVE = YES;
				CLANG_WARN_UNREACHABLE_CODE = YES;
				CLANG_WARN__DUPLICATE_METHOD_MATCH = YES;
				"CODE_SIGN_IDENTITY[sdk=iphoneos*]" = "iPhone Developer";
				COPY_PHASE_STRIP = NO;
				DEBUG_INFORMATION_FORMAT = dwarf;
				ENABLE_STRICT_OBJC_MSGSEND = YES;
				ENABLE_TESTABILITY = YES;
				GCC_C_LANGUAGE_STANDARD = gnu99;
				GCC_DYNAMIC_NO_PIC = NO;
				GCC_NO_COMMON_BLOCKS = YES;
				GCC_OPTIMIZATION_LEVEL = 0;
				GCC_PREPROCESSOR_DEFINITIONS = (
					"DEBUG=1",
					"$(inherited)",
				);
				GCC_WARN_64_TO_32_BIT_CONVERSION = YES;
				GCC_WARN_ABOUT_RETURN_TYPE = YES_ERROR;
				GCC_WARN_UNDECLARED_SELECTOR = YES;
				GCC_WARN_UNINITIALIZED_AUTOS = YES_AGGRESSIVE;
				GCC_WARN_UNUSED_FUNCTION = YES;
				GCC_WARN_UNUSED_VARIABLE = YES;
				IPHONEOS_DEPLOYMENT_TARGET = 10.3;
				MTL_ENABLE_DEBUG_INFO = YES;
				ONLY_ACTIVE_ARCH = YES;
				SDKROOT = iphoneos;
				SWIFT_ACTIVE_COMPILATION_CONDITIONS = DEBUG;
				SWIFT_OPTIMIZATION_LEVEL = "-Onone";
			};
			name = Debug;
		};
		94E546191F684FF8007B17AD /* Release */ = {
			isa = XCBuildConfiguration;
			buildSettings = {
				ALWAYS_SEARCH_USER_PATHS = NO;
				CLANG_ANALYZER_NONNULL = YES;
				CLANG_ANALYZER_NUMBER_OBJECT_CONVERSION = YES_AGGRESSIVE;
				CLANG_CXX_LANGUAGE_STANDARD = "gnu++0x";
				CLANG_CXX_LIBRARY = "libc++";
				CLANG_ENABLE_MODULES = YES;
				CLANG_ENABLE_OBJC_ARC = YES;
				CLANG_WARN_BOOL_CONVERSION = YES;
				CLANG_WARN_CONSTANT_CONVERSION = YES;
				CLANG_WARN_DIRECT_OBJC_ISA_USAGE = YES_ERROR;
				CLANG_WARN_DOCUMENTATION_COMMENTS = YES;
				CLANG_WARN_EMPTY_BODY = YES;
				CLANG_WARN_ENUM_CONVERSION = YES;
				CLANG_WARN_INFINITE_RECURSION = YES;
				CLANG_WARN_INT_CONVERSION = YES;
				CLANG_WARN_OBJC_ROOT_CLASS = YES_ERROR;
				CLANG_WARN_SUSPICIOUS_MOVE = YES;
				CLANG_WARN_UNREACHABLE_CODE = YES;
				CLANG_WARN__DUPLICATE_METHOD_MATCH = YES;
				"CODE_SIGN_IDENTITY[sdk=iphoneos*]" = "iPhone Developer";
				COPY_PHASE_STRIP = NO;
				DEBUG_INFORMATION_FORMAT = "dwarf-with-dsym";
				ENABLE_NS_ASSERTIONS = NO;
				ENABLE_STRICT_OBJC_MSGSEND = YES;
				GCC_C_LANGUAGE_STANDARD = gnu99;
				GCC_NO_COMMON_BLOCKS = YES;
				GCC_WARN_64_TO_32_BIT_CONVERSION = YES;
				GCC_WARN_ABOUT_RETURN_TYPE = YES_ERROR;
				GCC_WARN_UNDECLARED_SELECTOR = YES;
				GCC_WARN_UNINITIALIZED_AUTOS = YES_AGGRESSIVE;
				GCC_WARN_UNUSED_FUNCTION = YES;
				GCC_WARN_UNUSED_VARIABLE = YES;
				IPHONEOS_DEPLOYMENT_TARGET = 10.3;
				MTL_ENABLE_DEBUG_INFO = NO;
				SDKROOT = iphoneos;
				SWIFT_OPTIMIZATION_LEVEL = "-Owholemodule";
				VALIDATE_PRODUCT = YES;
			};
			name = Release;
		};
		94E5461B1F684FF8007B17AD /* Debug */ = {
			isa = XCBuildConfiguration;
			baseConfigurationReference = 17AF289AF4FFFBF2DBE62AC9 /* Pods-selfigram.debug.xcconfig */;
			buildSettings = {
				ASSETCATALOG_COMPILER_APPICON_NAME = AppIcon;
				DEVELOPMENT_TEAM = 3B55UZ3KB4;
				FRAMEWORK_SEARCH_PATHS = (
					"$(inherited)",
					"$(PROJECT_DIR)",
				);
				INFOPLIST_FILE = selfigram/Info.plist;
				LD_RUNPATH_SEARCH_PATHS = "$(inherited) @executable_path/Frameworks";
				PRODUCT_BUNDLE_IDENTIFIER = com.swetapanchal.selfigram;
				PRODUCT_NAME = "$(TARGET_NAME)";
				SWIFT_VERSION = 3.0;
			};
			name = Debug;
		};
		94E5461C1F684FF8007B17AD /* Release */ = {
			isa = XCBuildConfiguration;
			baseConfigurationReference = FA8B7CF16F1A41C2B3ECC89B /* Pods-selfigram.release.xcconfig */;
			buildSettings = {
				ASSETCATALOG_COMPILER_APPICON_NAME = AppIcon;
				DEVELOPMENT_TEAM = 3B55UZ3KB4;
				FRAMEWORK_SEARCH_PATHS = (
					"$(inherited)",
					"$(PROJECT_DIR)",
				);
				INFOPLIST_FILE = selfigram/Info.plist;
				LD_RUNPATH_SEARCH_PATHS = "$(inherited) @executable_path/Frameworks";
				PRODUCT_BUNDLE_IDENTIFIER = com.swetapanchal.selfigram;
				PRODUCT_NAME = "$(TARGET_NAME)";
				SWIFT_VERSION = 3.0;
			};
			name = Release;
		};
		94E5461E1F684FF8007B17AD /* Debug */ = {
			isa = XCBuildConfiguration;
			baseConfigurationReference = 00E3D03270464A8BD36B501D /* Pods-selfigramTests.debug.xcconfig */;
			buildSettings = {
				ALWAYS_EMBED_SWIFT_STANDARD_LIBRARIES = YES;
				BUNDLE_LOADER = "$(TEST_HOST)";
				DEVELOPMENT_TEAM = 3B55UZ3KB4;
				INFOPLIST_FILE = selfigramTests/Info.plist;
				LD_RUNPATH_SEARCH_PATHS = "$(inherited) @executable_path/Frameworks @loader_path/Frameworks";
				PRODUCT_BUNDLE_IDENTIFIER = com.swetapanchal.selfigramTests;
				PRODUCT_NAME = "$(TARGET_NAME)";
				SWIFT_VERSION = 3.0;
				TEST_HOST = "$(BUILT_PRODUCTS_DIR)/selfigram.app/selfigram";
			};
			name = Debug;
		};
		94E5461F1F684FF8007B17AD /* Release */ = {
			isa = XCBuildConfiguration;
			baseConfigurationReference = 5A2645EC143E1866D8C81153 /* Pods-selfigramTests.release.xcconfig */;
			buildSettings = {
				ALWAYS_EMBED_SWIFT_STANDARD_LIBRARIES = YES;
				BUNDLE_LOADER = "$(TEST_HOST)";
				DEVELOPMENT_TEAM = 3B55UZ3KB4;
				INFOPLIST_FILE = selfigramTests/Info.plist;
				LD_RUNPATH_SEARCH_PATHS = "$(inherited) @executable_path/Frameworks @loader_path/Frameworks";
				PRODUCT_BUNDLE_IDENTIFIER = com.swetapanchal.selfigramTests;
				PRODUCT_NAME = "$(TARGET_NAME)";
				SWIFT_VERSION = 3.0;
				TEST_HOST = "$(BUILT_PRODUCTS_DIR)/selfigram.app/selfigram";
			};
			name = Release;
		};
		94E546211F684FF8007B17AD /* Debug */ = {
			isa = XCBuildConfiguration;
			baseConfigurationReference = 4599D580F8BE354A4B9FE73C /* Pods-selfigramUITests.debug.xcconfig */;
			buildSettings = {
				ALWAYS_EMBED_SWIFT_STANDARD_LIBRARIES = YES;
				DEVELOPMENT_TEAM = 3B55UZ3KB4;
				INFOPLIST_FILE = selfigramUITests/Info.plist;
				LD_RUNPATH_SEARCH_PATHS = "$(inherited) @executable_path/Frameworks @loader_path/Frameworks";
				PRODUCT_BUNDLE_IDENTIFIER = com.swetapanchal.selfigramUITests;
				PRODUCT_NAME = "$(TARGET_NAME)";
				SWIFT_VERSION = 3.0;
				TEST_TARGET_NAME = selfigram;
			};
			name = Debug;
		};
		94E546221F684FF8007B17AD /* Release */ = {
			isa = XCBuildConfiguration;
			baseConfigurationReference = 31AF3D72644B1FF01A0453AE /* Pods-selfigramUITests.release.xcconfig */;
			buildSettings = {
				ALWAYS_EMBED_SWIFT_STANDARD_LIBRARIES = YES;
				DEVELOPMENT_TEAM = 3B55UZ3KB4;
				INFOPLIST_FILE = selfigramUITests/Info.plist;
				LD_RUNPATH_SEARCH_PATHS = "$(inherited) @executable_path/Frameworks @loader_path/Frameworks";
				PRODUCT_BUNDLE_IDENTIFIER = com.swetapanchal.selfigramUITests;
				PRODUCT_NAME = "$(TARGET_NAME)";
				SWIFT_VERSION = 3.0;
				TEST_TARGET_NAME = selfigram;
			};
			name = Release;
		};
/* End XCBuildConfiguration section */

/* Begin XCConfigurationList section */
		94E545ED1F684FF7007B17AD /* Build configuration list for PBXProject "selfigram" */ = {
			isa = XCConfigurationList;
			buildConfigurations = (
				94E546181F684FF8007B17AD /* Debug */,
				94E546191F684FF8007B17AD /* Release */,
			);
			defaultConfigurationIsVisible = 0;
			defaultConfigurationName = Release;
		};
		94E5461A1F684FF8007B17AD /* Build configuration list for PBXNativeTarget "selfigram" */ = {
			isa = XCConfigurationList;
			buildConfigurations = (
				94E5461B1F684FF8007B17AD /* Debug */,
				94E5461C1F684FF8007B17AD /* Release */,
			);
			defaultConfigurationIsVisible = 0;
			defaultConfigurationName = Release;
		};
		94E5461D1F684FF8007B17AD /* Build configuration list for PBXNativeTarget "selfigramTests" */ = {
			isa = XCConfigurationList;
			buildConfigurations = (
				94E5461E1F684FF8007B17AD /* Debug */,
				94E5461F1F684FF8007B17AD /* Release */,
			);
			defaultConfigurationIsVisible = 0;
			defaultConfigurationName = Release;
		};
		94E546201F684FF8007B17AD /* Build configuration list for PBXNativeTarget "selfigramUITests" */ = {
			isa = XCConfigurationList;
			buildConfigurations = (
				94E546211F684FF8007B17AD /* Debug */,
				94E546221F684FF8007B17AD /* Release */,
			);
			defaultConfigurationIsVisible = 0;
			defaultConfigurationName = Release;
		};
/* End XCConfigurationList section */
	};
	rootObject = 94E545EA1F684FF7007B17AD /* Project object */;
}
